
Microsoft Visual Studio Solution File, Format Version 12.00
# Visual Studio Version 17
VisualStudioVersion = 17.8.34330.188
MinimumVisualStudioVersion = 10.0.40219.1
Project("{FAE04EC0-301F-11D3-BF4B-00C04F79EFBC}") = "CrudApi", "CrudApi.csproj", "{CC9772E4-1CEF-4F40-87DA-FE0BD738CDC2}"
EndProject
Global
	GlobalSection(SolutionConfigurationPlatforms) = preSolution
		Debug|Any CPU = Debug|Any CPU
		Release|Any CPU = Release|Any CPU
	EndGlobalSection
	GlobalSection(ProjectConfigurationPlatforms) = postSolution
		{CC9772E4-1CEF-4F40-87DA-FE0BD738CDC2}.Debug|Any CPU.ActiveCfg = Debug|Any CPU
		{CC9772E4-1CEF-4F40-87DA-FE0BD738CDC2}.Debug|Any CPU.Build.0 = Debug|Any CPU
		{CC9772E4-1CEF-4F40-87DA-FE0BD738CDC2}.Release|Any CPU.ActiveCfg = Release|Any CPU
		{CC9772E4-1CEF-4F40-87DA-FE0BD738CDC2}.Release|Any CPU.Build.0 = Release|Any CPU
	EndGlobalSection
	GlobalSection(SolutionProperties) = preSolution
		HideSolutionNode = FALSE
	EndGlobalSection
	GlobalSection(ExtensibilityGlobals) = postSolution
		SolutionGuid = {9E237E5D-F13F-450D-B715-FC34F3B03D80}
	EndGlobalSection
EndGlobal
